// !$*UTF8*$!
{
	archiveVersion = 1;
	classes = {
	};
	objectVersion = 50;
	objects = {

/* Begin PBXBuildFile section */
		33FA5CAE22836CC90023E134 /* AppDelegate.swift in Sources */ = {isa = PBXBuildFile; fileRef = 33FA5CAD22836CC90023E134 /* AppDelegate.swift */; };
		33FA5CB022836CC90023E134 /* MessageThreadsTableViewController.swift in Sources */ = {isa = PBXBuildFile; fileRef = 33FA5CAF22836CC90023E134 /* MessageThreadsTableViewController.swift */; };
		33FA5CB322836CC90023E134 /* Main.storyboard in Resources */ = {isa = PBXBuildFile; fileRef = 33FA5CB122836CC90023E134 /* Main.storyboard */; };
		33FA5CB522836CCD0023E134 /* Assets.xcassets in Resources */ = {isa = PBXBuildFile; fileRef = 33FA5CB422836CCD0023E134 /* Assets.xcassets */; };
		33FA5CB822836CCD0023E134 /* LaunchScreen.storyboard in Resources */ = {isa = PBXBuildFile; fileRef = 33FA5CB622836CCD0023E134 /* LaunchScreen.storyboard */; };
		33FA5CC322836CCD0023E134 /* Message_BoardTests.swift in Sources */ = {isa = PBXBuildFile; fileRef = 33FA5CC222836CCD0023E134 /* Message_BoardTests.swift */; };
		33FA5CCE228372A80023E134 /* MessageThreadDetailTableViewController.swift in Sources */ = {isa = PBXBuildFile; fileRef = 33FA5CCD228372A80023E134 /* MessageThreadDetailTableViewController.swift */; };
		33FA5CD02283745D0023E134 /* MessageDetailViewController.swift in Sources */ = {isa = PBXBuildFile; fileRef = 33FA5CCF2283745D0023E134 /* MessageDetailViewController.swift */; };
		33FA5CD4228376520023E134 /* MessageThread.swift in Sources */ = {isa = PBXBuildFile; fileRef = 33FA5CD3228376520023E134 /* MessageThread.swift */; };
/* End PBXBuildFile section */

/* Begin PBXContainerItemProxy section */
		33FA5CBF22836CCD0023E134 /* PBXContainerItemProxy */ = {
			isa = PBXContainerItemProxy;
			containerPortal = 33FA5CA222836CC90023E134 /* Project object */;
			proxyType = 1;
			remoteGlobalIDString = 33FA5CA922836CC90023E134;
			remoteInfo = "Message Board";
		};
/* End PBXContainerItemProxy section */

/* Begin PBXFileReference section */
		33FA5CAA22836CC90023E134 /* Message Board.app */ = {isa = PBXFileReference; explicitFileType = wrapper.application; includeInIndex = 0; path = "Message Board.app"; sourceTree = BUILT_PRODUCTS_DIR; };
		33FA5CAD22836CC90023E134 /* AppDelegate.swift */ = {isa = PBXFileReference; lastKnownFileType = sourcecode.swift; path = AppDelegate.swift; sourceTree = "<group>"; };
		33FA5CAF22836CC90023E134 /* MessageThreadsTableViewController.swift */ = {isa = PBXFileReference; lastKnownFileType = sourcecode.swift; path = MessageThreadsTableViewController.swift; sourceTree = "<group>"; };
		33FA5CB222836CC90023E134 /* Base */ = {isa = PBXFileReference; lastKnownFileType = file.storyboard; name = Base; path = Base.lproj/Main.storyboard; sourceTree = "<group>"; };
		33FA5CB422836CCD0023E134 /* Assets.xcassets */ = {isa = PBXFileReference; lastKnownFileType = folder.assetcatalog; path = Assets.xcassets; sourceTree = "<group>"; };
		33FA5CB722836CCD0023E134 /* Base */ = {isa = PBXFileReference; lastKnownFileType = file.storyboard; name = Base; path = Base.lproj/LaunchScreen.storyboard; sourceTree = "<group>"; };
		33FA5CB922836CCD0023E134 /* Info.plist */ = {isa = PBXFileReference; lastKnownFileType = text.plist.xml; path = Info.plist; sourceTree = "<group>"; };
		33FA5CBE22836CCD0023E134 /* Message BoardTests.xctest */ = {isa = PBXFileReference; explicitFileType = wrapper.cfbundle; includeInIndex = 0; path = "Message BoardTests.xctest"; sourceTree = BUILT_PRODUCTS_DIR; };
		33FA5CC222836CCD0023E134 /* Message_BoardTests.swift */ = {isa = PBXFileReference; lastKnownFileType = sourcecode.swift; path = Message_BoardTests.swift; sourceTree = "<group>"; };
		33FA5CC422836CCD0023E134 /* Info.plist */ = {isa = PBXFileReference; lastKnownFileType = text.plist.xml; path = Info.plist; sourceTree = "<group>"; };
		33FA5CCD228372A80023E134 /* MessageThreadDetailTableViewController.swift */ = {isa = PBXFileReference; fileEncoding = 4; lastKnownFileType = sourcecode.swift; path = MessageThreadDetailTableViewController.swift; sourceTree = "<group>"; };
		33FA5CCF2283745D0023E134 /* MessageDetailViewController.swift */ = {isa = PBXFileReference; lastKnownFileType = sourcecode.swift; path = MessageDetailViewController.swift; sourceTree = "<group>"; };
		33FA5CD3228376520023E134 /* MessageThread.swift */ = {isa = PBXFileReference; lastKnownFileType = sourcecode.swift; path = MessageThread.swift; sourceTree = "<group>"; };
/* End PBXFileReference section */

/* Begin PBXFrameworksBuildPhase section */
		33FA5CA722836CC90023E134 /* Frameworks */ = {
			isa = PBXFrameworksBuildPhase;
			buildActionMask = 2147483647;
			files = (
			);
			runOnlyForDeploymentPostprocessing = 0;
		};
		33FA5CBB22836CCD0023E134 /* Frameworks */ = {
			isa = PBXFrameworksBuildPhase;
			buildActionMask = 2147483647;
			files = (
			);
			runOnlyForDeploymentPostprocessing = 0;
		};
/* End PBXFrameworksBuildPhase section */

/* Begin PBXGroup section */
		33FA5CA122836CC90023E134 = {
			isa = PBXGroup;
			children = (
				33FA5CAC22836CC90023E134 /* Message Board */,
				33FA5CC122836CCD0023E134 /* Message BoardTests */,
				33FA5CAB22836CC90023E134 /* Products */,
			);
			sourceTree = "<group>";
		};
		33FA5CAB22836CC90023E134 /* Products */ = {
			isa = PBXGroup;
			children = (
				33FA5CAA22836CC90023E134 /* Message Board.app */,
				33FA5CBE22836CCD0023E134 /* Message BoardTests.xctest */,
			);
			name = Products;
			sourceTree = "<group>";
		};
		33FA5CAC22836CC90023E134 /* Message Board */ = {
			isa = PBXGroup;
			children = (
				33FA5CD6228383BA0023E134 /* Model Controllers */,
				33FA5CD5228383B50023E134 /* Models */,
				33FA5CAD22836CC90023E134 /* AppDelegate.swift */,
				33FA5CD1228374640023E134 /* View Controllers */,
				33FA5CB122836CC90023E134 /* Main.storyboard */,
				33FA5CB422836CCD0023E134 /* Assets.xcassets */,
				33FA5CB622836CCD0023E134 /* LaunchScreen.storyboard */,
				33FA5CB922836CCD0023E134 /* Info.plist */,
			);
			path = "Message Board";
			sourceTree = "<group>";
		};
		33FA5CC122836CCD0023E134 /* Message BoardTests */ = {
			isa = PBXGroup;
			children = (
				33FA5CC222836CCD0023E134 /* Message_BoardTests.swift */,
				33FA5CC422836CCD0023E134 /* Info.plist */,
			);
			path = "Message BoardTests";
			sourceTree = "<group>";
		};
		33FA5CD1228374640023E134 /* View Controllers */ = {
			isa = PBXGroup;
			children = (
				33FA5CAF22836CC90023E134 /* MessageThreadsTableViewController.swift */,
				33FA5CCD228372A80023E134 /* MessageThreadDetailTableViewController.swift */,
				33FA5CCF2283745D0023E134 /* MessageDetailViewController.swift */,
			);
			path = "View Controllers";
			sourceTree = "<group>";
		};
		33FA5CD5228383B50023E134 /* Models */ = {
			isa = PBXGroup;
			children = (
				33FA5CD3228376520023E134 /* MessageThread.swift */,
			);
			path = Models;
			sourceTree = "<group>";
		};
		33FA5CD6228383BA0023E134 /* Model Controllers */ = {
			isa = PBXGroup;
			children = (
			);
			path = "Model Controllers";
			sourceTree = "<group>";
		};
/* End PBXGroup section */

/* Begin PBXNativeTarget section */
		33FA5CA922836CC90023E134 /* Message Board */ = {
			isa = PBXNativeTarget;
			buildConfigurationList = 33FA5CC722836CCD0023E134 /* Build configuration list for PBXNativeTarget "Message Board" */;
			buildPhases = (
				33FA5CA622836CC90023E134 /* Sources */,
				33FA5CA722836CC90023E134 /* Frameworks */,
				33FA5CA822836CC90023E134 /* Resources */,
				33FA5CD2228374EC0023E134 /* Run Script - swiftlint */,
			);
			buildRules = (
			);
			dependencies = (
			);
			name = "Message Board";
			productName = "Message Board";
			productReference = 33FA5CAA22836CC90023E134 /* Message Board.app */;
			productType = "com.apple.product-type.application";
		};
		33FA5CBD22836CCD0023E134 /* Message BoardTests */ = {
			isa = PBXNativeTarget;
			buildConfigurationList = 33FA5CCA22836CCD0023E134 /* Build configuration list for PBXNativeTarget "Message BoardTests" */;
			buildPhases = (
				33FA5CBA22836CCD0023E134 /* Sources */,
				33FA5CBB22836CCD0023E134 /* Frameworks */,
				33FA5CBC22836CCD0023E134 /* Resources */,
			);
			buildRules = (
			);
			dependencies = (
				33FA5CC022836CCD0023E134 /* PBXTargetDependency */,
			);
			name = "Message BoardTests";
			productName = "Message BoardTests";
			productReference = 33FA5CBE22836CCD0023E134 /* Message BoardTests.xctest */;
			productType = "com.apple.product-type.bundle.unit-test";
		};
/* End PBXNativeTarget section */

/* Begin PBXProject section */
		33FA5CA222836CC90023E134 /* Project object */ = {
			isa = PBXProject;
			attributes = {
				LastSwiftUpdateCheck = 1020;
				LastUpgradeCheck = 1020;
				ORGANIZATIONNAME = "Michael Redig";
				TargetAttributes = {
					33FA5CA922836CC90023E134 = {
						CreatedOnToolsVersion = 10.2.1;
					};
					33FA5CBD22836CCD0023E134 = {
						CreatedOnToolsVersion = 10.2.1;
						TestTargetID = 33FA5CA922836CC90023E134;
					};
				};
			};
			buildConfigurationList = 33FA5CA522836CC90023E134 /* Build configuration list for PBXProject "Message Board" */;
			compatibilityVersion = "Xcode 9.3";
			developmentRegion = en;
			hasScannedForEncodings = 0;
			knownRegions = (
				en,
				Base,
			);
			mainGroup = 33FA5CA122836CC90023E134;
			productRefGroup = 33FA5CAB22836CC90023E134 /* Products */;
			projectDirPath = "";
			projectRoot = "";
			targets = (
				33FA5CA922836CC90023E134 /* Message Board */,
				33FA5CBD22836CCD0023E134 /* Message BoardTests */,
			);
		};
/* End PBXProject section */

/* Begin PBXResourcesBuildPhase section */
		33FA5CA822836CC90023E134 /* Resources */ = {
			isa = PBXResourcesBuildPhase;
			buildActionMask = 2147483647;
			files = (
				33FA5CB822836CCD0023E134 /* LaunchScreen.storyboard in Resources */,
				33FA5CB522836CCD0023E134 /* Assets.xcassets in Resources */,
				33FA5CB322836CC90023E134 /* Main.storyboard in Resources */,
			);
			runOnlyForDeploymentPostprocessing = 0;
		};
		33FA5CBC22836CCD0023E134 /* Resources */ = {
			isa = PBXResourcesBuildPhase;
			buildActionMask = 2147483647;
			files = (
			);
			runOnlyForDeploymentPostprocessing = 0;
		};
/* End PBXResourcesBuildPhase section */

/* Begin PBXShellScriptBuildPhase section */
		33FA5CD2228374EC0023E134 /* Run Script - swiftlint */ = {
			isa = PBXShellScriptBuildPhase;
			buildActionMask = 2147483647;
			files = (
			);
			inputFileListPaths = (
			);
			inputPaths = (
			);
			name = "Run Script - swiftlint";
			outputFileListPaths = (
			);
			outputPaths = (
			);
			runOnlyForDeploymentPostprocessing = 0;
			shellPath = /bin/sh;
			shellScript = "# Type a script or drag a script file from your workspace to insert its path.\nif which swiftlint >/dev/null; then\n    swiftlint\nfi\n";
		};
/* End PBXShellScriptBuildPhase section */

/* Begin PBXSourcesBuildPhase section */
		33FA5CA622836CC90023E134 /* Sources */ = {
			isa = PBXSourcesBuildPhase;
			buildActionMask = 2147483647;
			files = (
				33FA5CB022836CC90023E134 /* MessageThreadsTableViewController.swift in Sources */,
				33FA5CD02283745D0023E134 /* MessageDetailViewController.swift in Sources */,
				33FA5CCE228372A80023E134 /* MessageThreadDetailTableViewController.swift in Sources */,
				33FA5CD4228376520023E134 /* MessageThread.swift in Sources */,
				33FA5CAE22836CC90023E134 /* AppDelegate.swift in Sources */,
			);
			runOnlyForDeploymentPostprocessing = 0;
		};
		33FA5CBA22836CCD0023E134 /* Sources */ = {
			isa = PBXSourcesBuildPhase;
			buildActionMask = 2147483647;
			files = (
				33FA5CC322836CCD0023E134 /* Message_BoardTests.swift in Sources */,
			);
			runOnlyForDeploymentPostprocessing = 0;
		};
/* End PBXSourcesBuildPhase section */

/* Begin PBXTargetDependency section */
		33FA5CC022836CCD0023E134 /* PBXTargetDependency */ = {
			isa = PBXTargetDependency;
			target = 33FA5CA922836CC90023E134 /* Message Board */;
			targetProxy = 33FA5CBF22836CCD0023E134 /* PBXContainerItemProxy */;
		};
/* End PBXTargetDependency section */

/* Begin PBXVariantGroup section */
		33FA5CB122836CC90023E134 /* Main.storyboard */ = {
			isa = PBXVariantGroup;
			children = (
				33FA5CB222836CC90023E134 /* Base */,
			);
			name = Main.storyboard;
			sourceTree = "<group>";
		};
		33FA5CB622836CCD0023E134 /* LaunchScreen.storyboard */ = {
			isa = PBXVariantGroup;
			children = (
				33FA5CB722836CCD0023E134 /* Base */,
			);
			name = LaunchScreen.storyboard;
			sourceTree = "<group>";
		};
/* End PBXVariantGroup section */

/* Begin XCBuildConfiguration section */
		33FA5CC522836CCD0023E134 /* Debug */ = {
			isa = XCBuildConfiguration;
			buildSettings = {
				ALWAYS_SEARCH_USER_PATHS = NO;
				CLANG_ANALYZER_NONNULL = YES;
				CLANG_ANALYZER_NUMBER_OBJECT_CONVERSION = YES_AGGRESSIVE;
				CLANG_CXX_LANGUAGE_STANDARD = "gnu++14";
				CLANG_CXX_LIBRARY = "libc++";
				CLANG_ENABLE_MODULES = YES;
				CLANG_ENABLE_OBJC_ARC = YES;
				CLANG_ENABLE_OBJC_WEAK = YES;
				CLANG_WARN_BLOCK_CAPTURE_AUTORELEASING = YES;
				CLANG_WARN_BOOL_CONVERSION = YES;
				CLANG_WARN_COMMA = YES;
				CLANG_WARN_CONSTANT_CONVERSION = YES;
				CLANG_WARN_DEPRECATED_OBJC_IMPLEMENTATIONS = YES;
				CLANG_WARN_DIRECT_OBJC_ISA_USAGE = YES_ERROR;
				CLANG_WARN_DOCUMENTATION_COMMENTS = YES;
				CLANG_WARN_EMPTY_BODY = YES;
				CLANG_WARN_ENUM_CONVERSION = YES;
				CLANG_WARN_INFINITE_RECURSION = YES;
				CLANG_WARN_INT_CONVERSION = YES;
				CLANG_WARN_NON_LITERAL_NULL_CONVERSION = YES;
				CLANG_WARN_OBJC_IMPLICIT_RETAIN_SELF = YES;
				CLANG_WARN_OBJC_LITERAL_CONVERSION = YES;
				CLANG_WARN_OBJC_ROOT_CLASS = YES_ERROR;
				CLANG_WARN_RANGE_LOOP_ANALYSIS = YES;
				CLANG_WARN_STRICT_PROTOTYPES = YES;
				CLANG_WARN_SUSPICIOUS_MOVE = YES;
				CLANG_WARN_UNGUARDED_AVAILABILITY = YES_AGGRESSIVE;
				CLANG_WARN_UNREACHABLE_CODE = YES;
				CLANG_WARN__DUPLICATE_METHOD_MATCH = YES;
				CODE_SIGN_IDENTITY = "iPhone Developer";
				COPY_PHASE_STRIP = NO;
				DEBUG_INFORMATION_FORMAT = dwarf;
				ENABLE_STRICT_OBJC_MSGSEND = YES;
				ENABLE_TESTABILITY = YES;
				GCC_C_LANGUAGE_STANDARD = gnu11;
				GCC_DYNAMIC_NO_PIC = NO;
				GCC_NO_COMMON_BLOCKS = YES;
				GCC_OPTIMIZATION_LEVEL = 0;
				GCC_PREPROCESSOR_DEFINITIONS = (
					"DEBUG=1",
					"$(inherited)",
				);
				GCC_WARN_64_TO_32_BIT_CONVERSION = YES;
				GCC_WARN_ABOUT_RETURN_TYPE = YES_ERROR;
				GCC_WARN_UNDECLARED_SELECTOR = YES;
				GCC_WARN_UNINITIALIZED_AUTOS = YES_AGGRESSIVE;
				GCC_WARN_UNUSED_FUNCTION = YES;
				GCC_WARN_UNUSED_VARIABLE = YES;
				IPHONEOS_DEPLOYMENT_TARGET = 12.2;
				MTL_ENABLE_DEBUG_INFO = INCLUDE_SOURCE;
				MTL_FAST_MATH = YES;
				ONLY_ACTIVE_ARCH = YES;
				SDKROOT = iphoneos;
				SWIFT_ACTIVE_COMPILATION_CONDITIONS = DEBUG;
				SWIFT_OPTIMIZATION_LEVEL = "-Onone";
			};
			name = Debug;
		};
		33FA5CC622836CCD0023E134 /* Release */ = {
			isa = XCBuildConfiguration;
			buildSettings = {
				ALWAYS_SEARCH_USER_PATHS = NO;
				CLANG_ANALYZER_NONNULL = YES;
				CLANG_ANALYZER_NUMBER_OBJECT_CONVERSION = YES_AGGRESSIVE;
				CLANG_CXX_LANGUAGE_STANDARD = "gnu++14";
				CLANG_CXX_LIBRARY = "libc++";
				CLANG_ENABLE_MODULES = YES;
				CLANG_ENABLE_OBJC_ARC = YES;
				CLANG_ENABLE_OBJC_WEAK = YES;
				CLANG_WARN_BLOCK_CAPTURE_AUTORELEASING = YES;
				CLANG_WARN_BOOL_CONVERSION = YES;
				CLANG_WARN_COMMA = YES;
				CLANG_WARN_CONSTANT_CONVERSION = YES;
				CLANG_WARN_DEPRECATED_OBJC_IMPLEMENTATIONS = YES;
				CLANG_WARN_DIRECT_OBJC_ISA_USAGE = YES_ERROR;
				CLANG_WARN_DOCUMENTATION_COMMENTS = YES;
				CLANG_WARN_EMPTY_BODY = YES;
				CLANG_WARN_ENUM_CONVERSION = YES;
				CLANG_WARN_INFINITE_RECURSION = YES;
				CLANG_WARN_INT_CONVERSION = YES;
				CLANG_WARN_NON_LITERAL_NULL_CONVERSION = YES;
				CLANG_WARN_OBJC_IMPLICIT_RETAIN_SELF = YES;
				CLANG_WARN_OBJC_LITERAL_CONVERSION = YES;
				CLANG_WARN_OBJC_ROOT_CLASS = YES_ERROR;
				CLANG_WARN_RANGE_LOOP_ANALYSIS = YES;
				CLANG_WARN_STRICT_PROTOTYPES = YES;
				CLANG_WARN_SUSPICIOUS_MOVE = YES;
				CLANG_WARN_UNGUARDED_AVAILABILITY = YES_AGGRESSIVE;
				CLANG_WARN_UNREACHABLE_CODE = YES;
				CLANG_WARN__DUPLICATE_METHOD_MATCH = YES;
				CODE_SIGN_IDENTITY = "iPhone Developer";
				COPY_PHASE_STRIP = NO;
				DEBUG_INFORMATION_FORMAT = "dwarf-with-dsym";
				ENABLE_NS_ASSERTIONS = NO;
				ENABLE_STRICT_OBJC_MSGSEND = YES;
				GCC_C_LANGUAGE_STANDARD = gnu11;
				GCC_NO_COMMON_BLOCKS = YES;
				GCC_WARN_64_TO_32_BIT_CONVERSION = YES;
				GCC_WARN_ABOUT_RETURN_TYPE = YES_ERROR;
				GCC_WARN_UNDECLARED_SELECTOR = YES;
				GCC_WARN_UNINITIALIZED_AUTOS = YES_AGGRESSIVE;
				GCC_WARN_UNUSED_FUNCTION = YES;
				GCC_WARN_UNUSED_VARIABLE = YES;
				IPHONEOS_DEPLOYMENT_TARGET = 12.2;
				MTL_ENABLE_DEBUG_INFO = NO;
				MTL_FAST_MATH = YES;
				SDKROOT = iphoneos;
				SWIFT_COMPILATION_MODE = wholemodule;
				SWIFT_OPTIMIZATION_LEVEL = "-O";
				VALIDATE_PRODUCT = YES;
			};
			name = Release;
		};
		33FA5CC822836CCD0023E134 /* Debug */ = {
			isa = XCBuildConfiguration;
			buildSettings = {
				ASSETCATALOG_COMPILER_APPICON_NAME = AppIcon;
				CODE_SIGN_STYLE = Automatic;
				DEVELOPMENT_TEAM = L5UZAT7KA9;
				INFOPLIST_FILE = "Message Board/Info.plist";
				LD_RUNPATH_SEARCH_PATHS = (
					"$(inherited)",
					"@executable_path/Frameworks",
				);
				PRODUCT_BUNDLE_IDENTIFIER = "com.redeggproductions.Message-Board";
				PRODUCT_NAME = "$(TARGET_NAME)";
				SWIFT_VERSION = 5.0;
				TARGETED_DEVICE_FAMILY = "1,2";
			};
			name = Debug;
		};
		33FA5CC922836CCD0023E134 /* Release */ = {
			isa = XCBuildConfiguration;
			buildSettings = {
				ASSETCATALOG_COMPILER_APPICON_NAME = AppIcon;
				CODE_SIGN_STYLE = Automatic;
				DEVELOPMENT_TEAM = L5UZAT7KA9;
				INFOPLIST_FILE = "Message Board/Info.plist";
				LD_RUNPATH_SEARCH_PATHS = (
					"$(inherited)",
					"@executable_path/Frameworks",
				);
				PRODUCT_BUNDLE_IDENTIFIER = "com.redeggproductions.Message-Board";
				PRODUCT_NAME = "$(TARGET_NAME)";
				SWIFT_VERSION = 5.0;
				TARGETED_DEVICE_FAMILY = "1,2";
			};
			name = Release;
		};
		33FA5CCB22836CCD0023E134 /* Debug */ = {
			isa = XCBuildConfiguration;
			buildSettings = {
				ALWAYS_EMBED_SWIFT_STANDARD_LIBRARIES = YES;
				BUNDLE_LOADER = "$(TEST_HOST)";
				CODE_SIGN_STYLE = Automatic;
				DEVELOPMENT_TEAM = L5UZAT7KA9;
				INFOPLIST_FILE = "Message BoardTests/Info.plist";
				LD_RUNPATH_SEARCH_PATHS = (
					"$(inherited)",
					"@executable_path/Frameworks",
					"@loader_path/Frameworks",
				);
				PRODUCT_BUNDLE_IDENTIFIER = "com.redeggproductions.Message-BoardTests";
				PRODUCT_NAME = "$(TARGET_NAME)";
				SWIFT_VERSION = 5.0;
				TARGETED_DEVICE_FAMILY = "1,2";
				TEST_HOST = "$(BUILT_PRODUCTS_DIR)/Message Board.app/Message Board";
			};
			name = Debug;
		};
		33FA5CCC22836CCD0023E134 /* Release */ = {
			isa = XCBuildConfiguration;
			buildSettings = {
				ALWAYS_EMBED_SWIFT_STANDARD_LIBRARIES = YES;
				BUNDLE_LOADER = "$(TEST_HOST)";
				CODE_SIGN_STYLE = Automatic;
				DEVELOPMENT_TEAM = L5UZAT7KA9;
				INFOPLIST_FILE = "Message BoardTests/Info.plist";
				LD_RUNPATH_SEARCH_PATHS = (
					"$(inherited)",
					"@executable_path/Frameworks",
					"@loader_path/Frameworks",
				);
				PRODUCT_BUNDLE_IDENTIFIER = "com.redeggproductions.Message-BoardTests";
				PRODUCT_NAME = "$(TARGET_NAME)";
				SWIFT_VERSION = 5.0;
				TARGETED_DEVICE_FAMILY = "1,2";
				TEST_HOST = "$(BUILT_PRODUCTS_DIR)/Message Board.app/Message Board";
			};
			name = Release;
		};
/* End XCBuildConfiguration section */

/* Begin XCConfigurationList section */
		33FA5CA522836CC90023E134 /* Build configuration list for PBXProject "Message Board" */ = {
			isa = XCConfigurationList;
			buildConfigurations = (
				33FA5CC522836CCD0023E134 /* Debug */,
				33FA5CC622836CCD0023E134 /* Release */,
			);
			defaultConfigurationIsVisible = 0;
			defaultConfigurationName = Release;
		};
		33FA5CC722836CCD0023E134 /* Build configuration list for PBXNativeTarget "Message Board" */ = {
			isa = XCConfigurationList;
			buildConfigurations = (
				33FA5CC822836CCD0023E134 /* Debug */,
				33FA5CC922836CCD0023E134 /* Release */,
			);
			defaultConfigurationIsVisible = 0;
			defaultConfigurationName = Release;
		};
		33FA5CCA22836CCD0023E134 /* Build configuration list for PBXNativeTarget "Message BoardTests" */ = {
			isa = XCConfigurationList;
			buildConfigurations = (
				33FA5CCB22836CCD0023E134 /* Debug */,
				33FA5CCC22836CCD0023E134 /* Release */,
			);
			defaultConfigurationIsVisible = 0;
			defaultConfigurationName = Release;
		};
/* End XCConfigurationList section */
	};
	rootObject = 33FA5CA222836CC90023E134 /* Project object */;
}
